// !$*UTF8*$!
{
	archiveVersion = 1;
	classes = {
	};
	objectVersion = 46;
	objects = {

/* Begin PBXBuildFile section */
		D744E24F1E5F4673007F5B9D /* AppDelegate.swift in Sources */ = {isa = PBXBuildFile; fileRef = D744E24E1E5F4673007F5B9D /* AppDelegate.swift */; };
		D744E2511E5F4673007F5B9D /* ViewController.swift in Sources */ = {isa = PBXBuildFile; fileRef = D744E2501E5F4673007F5B9D /* ViewController.swift */; };
		D744E2541E5F4673007F5B9D /* Main.storyboard in Resources */ = {isa = PBXBuildFile; fileRef = D744E2521E5F4673007F5B9D /* Main.storyboard */; };
		D744E2571E5F4673007F5B9D /* ITB_App.xcdatamodeld in Sources */ = {isa = PBXBuildFile; fileRef = D744E2551E5F4673007F5B9D /* ITB_App.xcdatamodeld */; };
		D744E2591E5F4673007F5B9D /* Assets.xcassets in Resources */ = {isa = PBXBuildFile; fileRef = D744E2581E5F4673007F5B9D /* Assets.xcassets */; };
		D744E25C1E5F4673007F5B9D /* LaunchScreen.storyboard in Resources */ = {isa = PBXBuildFile; fileRef = D744E25A1E5F4673007F5B9D /* LaunchScreen.storyboard */; };
/* End PBXBuildFile section */

/* Begin PBXFileReference section */
		D744E24B1E5F4673007F5B9D /* ITB_App.app */ = {isa = PBXFileReference; explicitFileType = wrapper.application; includeInIndex = 0; path = ITB_App.app; sourceTree = BUILT_PRODUCTS_DIR; };
		D744E24E1E5F4673007F5B9D /* AppDelegate.swift */ = {isa = PBXFileReference; lastKnownFileType = sourcecode.swift; path = AppDelegate.swift; sourceTree = "<group>"; };
		D744E2501E5F4673007F5B9D /* ViewController.swift */ = {isa = PBXFileReference; lastKnownFileType = sourcecode.swift; path = ViewController.swift; sourceTree = "<group>"; };
		D744E2531E5F4673007F5B9D /* Base */ = {isa = PBXFileReference; lastKnownFileType = file.storyboard; name = Base; path = Base.lproj/Main.storyboard; sourceTree = "<group>"; };
		D744E2561E5F4673007F5B9D /* ITB_App.xcdatamodel */ = {isa = PBXFileReference; lastKnownFileType = wrapper.xcdatamodel; path = ITB_App.xcdatamodel; sourceTree = "<group>"; };
		D744E2581E5F4673007F5B9D /* Assets.xcassets */ = {isa = PBXFileReference; lastKnownFileType = folder.assetcatalog; path = Assets.xcassets; sourceTree = "<group>"; };
		D744E25B1E5F4673007F5B9D /* Base */ = {isa = PBXFileReference; lastKnownFileType = file.storyboard; name = Base; path = Base.lproj/LaunchScreen.storyboard; sourceTree = "<group>"; };
		D744E25D1E5F4673007F5B9D /* Info.plist */ = {isa = PBXFileReference; lastKnownFileType = text.plist.xml; path = Info.plist; sourceTree = "<group>"; };
/* End PBXFileReference section */

/* Begin PBXFrameworksBuildPhase section */
		D744E2481E5F4672007F5B9D /* Frameworks */ = {
			isa = PBXFrameworksBuildPhase;
			buildActionMask = 2147483647;
			files = (
			);
			runOnlyForDeploymentPostprocessing = 0;
		};
/* End PBXFrameworksBuildPhase section */

/* Begin PBXGroup section */
		D744E2421E5F4672007F5B9D = {
			isa = PBXGroup;
			children = (
				D744E24D1E5F4673007F5B9D /* ITB_App */,
				D744E24C1E5F4673007F5B9D /* Products */,
			);
			sourceTree = "<group>";
		};
		D744E24C1E5F4673007F5B9D /* Products */ = {
			isa = PBXGroup;
			children = (
				D744E24B1E5F4673007F5B9D /* ITB_App.app */,
			);
			name = Products;
			sourceTree = "<group>";
		};
		D744E24D1E5F4673007F5B9D /* ITB_App */ = {
			isa = PBXGroup;
			children = (
				D744E24E1E5F4673007F5B9D /* AppDelegate.swift */,
				D744E2501E5F4673007F5B9D /* ViewController.swift */,
				D744E2521E5F4673007F5B9D /* Main.storyboard */,
				D744E2581E5F4673007F5B9D /* Assets.xcassets */,
				D744E25A1E5F4673007F5B9D /* LaunchScreen.storyboard */,
				D744E25D1E5F4673007F5B9D /* Info.plist */,
				D744E2551E5F4673007F5B9D /* ITB_App.xcdatamodeld */,
			);
			path = ITB_App;
			sourceTree = "<group>";
		};
/* End PBXGroup section */

/* Begin PBXNativeTarget section */
		D744E24A1E5F4672007F5B9D /* ITB_App */ = {
			isa = PBXNativeTarget;
			buildConfigurationList = D744E2601E5F4673007F5B9D /* Build configuration list for PBXNativeTarget "ITB_App" */;
			buildPhases = (
				D744E2471E5F4672007F5B9D /* Sources */,
				D744E2481E5F4672007F5B9D /* Frameworks */,
				D744E2491E5F4672007F5B9D /* Resources */,
			);
			buildRules = (
			);
			dependencies = (
			);
			name = ITB_App;
			productName = ITB_App;
			productReference = D744E24B1E5F4673007F5B9D /* ITB_App.app */;
			productType = "com.apple.product-type.application";
		};
/* End PBXNativeTarget section */

/* Begin PBXProject section */
		D744E2431E5F4672007F5B9D /* Project object */ = {
			isa = PBXProject;
			attributes = {
				LastSwiftUpdateCheck = 0810;
				LastUpgradeCheck = 0810;
				ORGANIZATIONNAME = "John Hersey High School";
				TargetAttributes = {
					D744E24A1E5F4672007F5B9D = {
						CreatedOnToolsVersion = 8.1;
						DevelopmentTeam = BWYT76Q3DS;
						ProvisioningStyle = Automatic;
					};
				};
			};
			buildConfigurationList = D744E2461E5F4672007F5B9D /* Build configuration list for PBXProject "ITB_App" */;
			compatibilityVersion = "Xcode 3.2";
			developmentRegion = English;
			hasScannedForEncodings = 0;
			knownRegions = (
				en,
				Base,
			);
			mainGroup = D744E2421E5F4672007F5B9D;
			productRefGroup = D744E24C1E5F4673007F5B9D /* Products */;
			projectDirPath = "";
			projectRoot = "";
			targets = (
				D744E24A1E5F4672007F5B9D /* ITB_App */,
			);
		};
/* End PBXProject section */

/* Begin PBXResourcesBuildPhase section */
		D744E2491E5F4672007F5B9D /* Resources */ = {
			isa = PBXResourcesBuildPhase;
			buildActionMask = 2147483647;
			files = (
				D744E25C1E5F4673007F5B9D /* LaunchScreen.storyboard in Resources */,
				D744E2591E5F4673007F5B9D /* Assets.xcassets in Resources */,
				D744E2541E5F4673007F5B9D /* Main.storyboard in Resources */,
			);
			runOnlyForDeploymentPostprocessing = 0;
		};
/* End PBXResourcesBuildPhase section */

/* Begin PBXSourcesBuildPhase section */
		D744E2471E5F4672007F5B9D /* Sources */ = {
			isa = PBXSourcesBuildPhase;
			buildActionMask = 2147483647;
			files = (
				D744E2511E5F4673007F5B9D /* ViewController.swift in Sources */,
				D744E2571E5F4673007F5B9D /* ITB_App.xcdatamodeld in Sources */,
				D744E24F1E5F4673007F5B9D /* AppDelegate.swift in Sources */,
			);
			runOnlyForDeploymentPostprocessing = 0;
		};
/* End PBXSourcesBuildPhase section */

/* Begin PBXVariantGroup section */
		D744E2521E5F4673007F5B9D /* Main.storyboard */ = {
			isa = PBXVariantGroup;
			children = (
				D744E2531E5F4673007F5B9D /* Base */,
			);
			name = Main.storyboard;
			sourceTree = "<group>";
		};
		D744E25A1E5F4673007F5B9D /* LaunchScreen.storyboard */ = {
			isa = PBXVariantGroup;
			children = (
				D744E25B1E5F4673007F5B9D /* Base */,
			);
			name = LaunchScreen.storyboard;
			sourceTree = "<group>";
		};
/* End PBXVariantGroup section */

/* Begin XCBuildConfiguration section */
		D744E25E1E5F4673007F5B9D /* Debug */ = {
			isa = XCBuildConfiguration;
			buildSettings = {
				ALWAYS_SEARCH_USER_PATHS = NO;
				CLANG_ANALYZER_NONNULL = YES;
				CLANG_CXX_LANGUAGE_STANDARD = "gnu++0x";
				CLANG_CXX_LIBRARY = "libc++";
				CLANG_ENABLE_MODULES = YES;
				CLANG_ENABLE_OBJC_ARC = YES;
				CLANG_WARN_BOOL_CONVERSION = YES;
				CLANG_WARN_CONSTANT_CONVERSION = YES;
				CLANG_WARN_DIRECT_OBJC_ISA_USAGE = YES_ERROR;
				CLANG_WARN_DOCUMENTATION_COMMENTS = YES;
				CLANG_WARN_EMPTY_BODY = YES;
				CLANG_WARN_ENUM_CONVERSION = YES;
				CLANG_WARN_INFINITE_RECURSION = YES;
				CLANG_WARN_INT_CONVERSION = YES;
				CLANG_WARN_OBJC_ROOT_CLASS = YES_ERROR;
				CLANG_WARN_SUSPICIOUS_MOVES = YES;
				CLANG_WARN_UNREACHABLE_CODE = YES;
				CLANG_WARN__DUPLICATE_METHOD_MATCH = YES;
				"CODE_SIGN_IDENTITY[sdk=iphoneos*]" = "iPhone Developer";
				COPY_PHASE_STRIP = NO;
				DEBUG_INFORMATION_FORMAT = dwarf;
				ENABLE_STRICT_OBJC_MSGSEND = YES;
				ENABLE_TESTABILITY = YES;
				GCC_C_LANGUAGE_STANDARD = gnu99;
				GCC_DYNAMIC_NO_PIC = NO;
				GCC_NO_COMMON_BLOCKS = YES;
				GCC_OPTIMIZATION_LEVEL = 0;
				GCC_PREPROCESSOR_DEFINITIONS = (
					"DEBUG=1",
					"$(inherited)",
				);
				GCC_WARN_64_TO_32_BIT_CONVERSION = YES;
				GCC_WARN_ABOUT_RETURN_TYPE = YES_ERROR;
				GCC_WARN_UNDECLARED_SELECTOR = YES;
				GCC_WARN_UNINITIALIZED_AUTOS = YES_AGGRESSIVE;
				GCC_WARN_UNUSED_FUNCTION = YES;
				GCC_WARN_UNUSED_VARIABLE = YES;
				IPHONEOS_DEPLOYMENT_TARGET = 10.1;
				MTL_ENABLE_DEBUG_INFO = YES;
				ONLY_ACTIVE_ARCH = YES;
				SDKROOT = iphoneos;
				SWIFT_ACTIVE_COMPILATION_CONDITIONS = DEBUG;
				SWIFT_OPTIMIZATION_LEVEL = "-Onone";
				TARGETED_DEVICE_FAMILY = "1,2";
			};
			name = Debug;
		};
		D744E25F1E5F4673007F5B9D /* Release */ = {
			isa = XCBuildConfiguration;
			buildSettings = {
				ALWAYS_SEARCH_USER_PATHS = NO;
				CLANG_ANALYZER_NONNULL = YES;
				CLANG_CXX_LANGUAGE_STANDARD = "gnu++0x";
				CLANG_CXX_LIBRARY = "libc++";
				CLANG_ENABLE_MODULES = YES;
				CLANG_ENABLE_OBJC_ARC = YES;
				CLANG_WARN_BOOL_CONVERSION = YES;
				CLANG_WARN_CONSTANT_CONVERSION = YES;
				CLANG_WARN_DIRECT_OBJC_ISA_USAGE = YES_ERROR;
				CLANG_WARN_DOCUMENTATION_COMMENTS = YES;
				CLANG_WARN_EMPTY_BODY = YES;
				CLANG_WARN_ENUM_CONVERSION = YES;
				CLANG_WARN_INFINITE_RECURSION = YES;
				CLANG_WARN_INT_CONVERSION = YES;
				CLANG_WARN_OBJC_ROOT_CLASS = YES_ERROR;
				CLANG_WARN_SUSPICIOUS_MOVES = YES;
				CLANG_WARN_UNREACHABLE_CODE = YES;
				CLANG_WARN__DUPLICATE_METHOD_MATCH = YES;
				"CODE_SIGN_IDENTITY[sdk=iphoneos*]" = "iPhone Developer";
				COPY_PHASE_STRIP = NO;
				DEBUG_INFORMATION_FORMAT = "dwarf-with-dsym";
				ENABLE_NS_ASSERTIONS = NO;
				ENABLE_STRICT_OBJC_MSGSEND = YES;
				GCC_C_LANGUAGE_STANDARD = gnu99;
				GCC_NO_COMMON_BLOCKS = YES;
				GCC_WARN_64_TO_32_BIT_CONVERSION = YES;
				GCC_WARN_ABOUT_RETURN_TYPE = YES_ERROR;
				GCC_WARN_UNDECLARED_SELECTOR = YES;
				GCC_WARN_UNINITIALIZED_AUTOS = YES_AGGRESSIVE;
				GCC_WARN_UNUSED_FUNCTION = YES;
				GCC_WARN_UNUSED_VARIABLE = YES;
				IPHONEOS_DEPLOYMENT_TARGET = 10.1;
				MTL_ENABLE_DEBUG_INFO = NO;
				SDKROOT = iphoneos;
				SWIFT_OPTIMIZATION_LEVEL = "-Owholemodule";
				TARGETED_DEVICE_FAMILY = "1,2";
				VALIDATE_PRODUCT = YES;
			};
			name = Release;
		};
		D744E2611E5F4673007F5B9D /* Debug */ = {
			isa = XCBuildConfiguration;
			buildSettings = {
				ASSETCATALOG_COMPILER_APPICON_NAME = AppIcon;
				DEVELOPMENT_TEAM = BWYT76Q3DS;
				INFOPLIST_FILE = ITB_App/Info.plist;
				LD_RUNPATH_SEARCH_PATHS = "$(inherited) @executable_path/Frameworks";
				PRODUCT_BUNDLE_IDENTIFIER = "org.jhhs.619238.ITB-App";
				PRODUCT_NAME = "$(TARGET_NAME)";
				SWIFT_VERSION = 3.0;
			};
			name = Debug;
		};
		D744E2621E5F4673007F5B9D /* Release */ = {
			isa = XCBuildConfiguration;
			buildSettings = {
				ASSETCATALOG_COMPILER_APPICON_NAME = AppIcon;
				DEVELOPMENT_TEAM = BWYT76Q3DS;
				INFOPLIST_FILE = ITB_App/Info.plist;
				LD_RUNPATH_SEARCH_PATHS = "$(inherited) @executable_path/Frameworks";
				PRODUCT_BUNDLE_IDENTIFIER = "org.jhhs.619238.ITB-App";
				PRODUCT_NAME = "$(TARGET_NAME)";
				SWIFT_VERSION = 3.0;
			};
			name = Release;
		};
/* End XCBuildConfiguration section */

/* Begin XCConfigurationList section */
		D744E2461E5F4672007F5B9D /* Build configuration list for PBXProject "ITB_App" */ = {
			isa = XCConfigurationList;
			buildConfigurations = (
				D744E25E1E5F4673007F5B9D /* Debug */,
				D744E25F1E5F4673007F5B9D /* Release */,
			);
			defaultConfigurationIsVisible = 0;
			defaultConfigurationName = Release;
		};
		D744E2601E5F4673007F5B9D /* Build configuration list for PBXNativeTarget "ITB_App" */ = {
			isa = XCConfigurationList;
			buildConfigurations = (
				D744E2611E5F4673007F5B9D /* Debug */,
				D744E2621E5F4673007F5B9D /* Release */,
			);
			defaultConfigurationIsVisible = 0;
		};
/* End XCConfigurationList section */

/* Begin XCVersionGroup section */
		D744E2551E5F4673007F5B9D /* ITB_App.xcdatamodeld */ = {
			isa = XCVersionGroup;
			children = (
				D744E2561E5F4673007F5B9D /* ITB_App.xcdatamodel */,
			);
			currentVersion = D744E2561E5F4673007F5B9D /* ITB_App.xcdatamodel */;
			path = ITB_App.xcdatamodeld;
			sourceTree = "<group>";
			versionGroupType = wrapper.xcdatamodel;
		};
/* End XCVersionGroup section */
	};
	rootObject = D744E2431E5F4672007F5B9D /* Project object */;
}
